
Microsoft Visual Studio Solution File, Format Version 12.00
# Visual Studio Version 17
VisualStudioVersion = 17.5.33530.505
MinimumVisualStudioVersion = 10.0.40219.1
Project("{FAE04EC0-301F-11D3-BF4B-00C04F79EFBC}") = "presentacion", "presentacion\presentacion.csproj", "{4587D939-03EA-4D39-A33B-73BF01BBDB7A}"
EndProject
Project("{FAE04EC0-301F-11D3-BF4B-00C04F79EFBC}") = "domain", "domain\domain.csproj", "{08E3230E-795F-4EF7-8BF6-C594869F6783}"
EndProject
Project("{FAE04EC0-301F-11D3-BF4B-00C04F79EFBC}") = "service", "service\service.csproj", "{8B0C80A6-9D78-48D4-A62B-AA1C4E0C1FA9}"
EndProject
Global
	GlobalSection(SolutionConfigurationPlatforms) = preSolution
		Debug|Any CPU = Debug|Any CPU
		Release|Any CPU = Release|Any CPU
	EndGlobalSection
	GlobalSection(ProjectConfigurationPlatforms) = postSolution
		{4587D939-03EA-4D39-A33B-73BF01BBDB7A}.Debug|Any CPU.ActiveCfg = Debug|Any CPU
		{4587D939-03EA-4D39-A33B-73BF01BBDB7A}.Debug|Any CPU.Build.0 = Debug|Any CPU
		{4587D939-03EA-4D39-A33B-73BF01BBDB7A}.Release|Any CPU.ActiveCfg = Release|Any CPU
		{4587D939-03EA-4D39-A33B-73BF01BBDB7A}.Release|Any CPU.Build.0 = Release|Any CPU
		{08E3230E-795F-4EF7-8BF6-C594869F6783}.Debug|Any CPU.ActiveCfg = Debug|Any CPU
		{08E3230E-795F-4EF7-8BF6-C594869F6783}.Debug|Any CPU.Build.0 = Debug|Any CPU
		{08E3230E-795F-4EF7-8BF6-C594869F6783}.Release|Any CPU.ActiveCfg = Release|Any CPU
		{08E3230E-795F-4EF7-8BF6-C594869F6783}.Release|Any CPU.Build.0 = Release|Any CPU
		{8B0C80A6-9D78-48D4-A62B-AA1C4E0C1FA9}.Debug|Any CPU.ActiveCfg = Debug|Any CPU
		{8B0C80A6-9D78-48D4-A62B-AA1C4E0C1FA9}.Debug|Any CPU.Build.0 = Debug|Any CPU
		{8B0C80A6-9D78-48D4-A62B-AA1C4E0C1FA9}.Release|Any CPU.ActiveCfg = Release|Any CPU
		{8B0C80A6-9D78-48D4-A62B-AA1C4E0C1FA9}.Release|Any CPU.Build.0 = Release|Any CPU
	EndGlobalSection
	GlobalSection(SolutionProperties) = preSolution
		HideSolutionNode = FALSE
	EndGlobalSection
	GlobalSection(ExtensibilityGlobals) = postSolution
		SolutionGuid = {DF2857D7-533C-4DB0-BFDB-BC1BF999EE11}
	EndGlobalSection
EndGlobal
